
Microsoft Visual Studio Solution File, Format Version 12.00
# Visual Studio Version 17
VisualStudioVersion = 17.4.33103.184
MinimumVisualStudioVersion = 10.0.40219.1
Project("{8BC9CEB8-8B4A-11D0-8D11-00A0C91BC942}") = "bai88-trang27", "bai88-trang27.vcxproj", "{D42FA2C1-F171-4094-B12E-BAE0910C5472}"
EndProject
Global
	GlobalSection(SolutionConfigurationPlatforms) = preSolution
		Debug|x64 = Debug|x64
		Debug|x86 = Debug|x86
		Release|x64 = Release|x64
		Release|x86 = Release|x86
	EndGlobalSection
	GlobalSection(ProjectConfigurationPlatforms) = postSolution
		{D42FA2C1-F171-4094-B12E-BAE0910C5472}.Debug|x64.ActiveCfg = Debug|x64
		{D42FA2C1-F171-4094-B12E-BAE0910C5472}.Debug|x64.Build.0 = Debug|x64
		{D42FA2C1-F171-4094-B12E-BAE0910C5472}.Debug|x86.ActiveCfg = Debug|Win32
		{D42FA2C1-F171-4094-B12E-BAE0910C5472}.Debug|x86.Build.0 = Debug|Win32
		{D42FA2C1-F171-4094-B12E-BAE0910C5472}.Release|x64.ActiveCfg = Release|x64
		{D42FA2C1-F171-4094-B12E-BAE0910C5472}.Release|x64.Build.0 = Release|x64
		{D42FA2C1-F171-4094-B12E-BAE0910C5472}.Release|x86.ActiveCfg = Release|Win32
		{D42FA2C1-F171-4094-B12E-BAE0910C5472}.Release|x86.Build.0 = Release|Win32
	EndGlobalSection
	GlobalSection(SolutionProperties) = preSolution
		HideSolutionNode = FALSE
	EndGlobalSection
	GlobalSection(ExtensibilityGlobals) = postSolution
		SolutionGuid = {9ACAA4BA-CF59-47C1-AE16-6C697E7969DD}
	EndGlobalSection
EndGlobal
