
Microsoft Visual Studio Solution File, Format Version 12.00
# Visual Studio Version 17
VisualStudioVersion = 17.4.33103.184
MinimumVisualStudioVersion = 10.0.40219.1
Project("{8BC9CEB8-8B4A-11D0-8D11-00A0C91BC942}") = "bai77-trang14", "bai77-trang14.vcxproj", "{45EDF213-CBF0-4F10-ACA5-497234DD0CFE}"
EndProject
Global
	GlobalSection(SolutionConfigurationPlatforms) = preSolution
		Debug|x64 = Debug|x64
		Debug|x86 = Debug|x86
		Release|x64 = Release|x64
		Release|x86 = Release|x86
	EndGlobalSection
	GlobalSection(ProjectConfigurationPlatforms) = postSolution
		{45EDF213-CBF0-4F10-ACA5-497234DD0CFE}.Debug|x64.ActiveCfg = Debug|x64
		{45EDF213-CBF0-4F10-ACA5-497234DD0CFE}.Debug|x64.Build.0 = Debug|x64
		{45EDF213-CBF0-4F10-ACA5-497234DD0CFE}.Debug|x86.ActiveCfg = Debug|Win32
		{45EDF213-CBF0-4F10-ACA5-497234DD0CFE}.Debug|x86.Build.0 = Debug|Win32
		{45EDF213-CBF0-4F10-ACA5-497234DD0CFE}.Release|x64.ActiveCfg = Release|x64
		{45EDF213-CBF0-4F10-ACA5-497234DD0CFE}.Release|x64.Build.0 = Release|x64
		{45EDF213-CBF0-4F10-ACA5-497234DD0CFE}.Release|x86.ActiveCfg = Release|Win32
		{45EDF213-CBF0-4F10-ACA5-497234DD0CFE}.Release|x86.Build.0 = Release|Win32
	EndGlobalSection
	GlobalSection(SolutionProperties) = preSolution
		HideSolutionNode = FALSE
	EndGlobalSection
	GlobalSection(ExtensibilityGlobals) = postSolution
		SolutionGuid = {096C12E1-FCDC-40E3-9DCD-5BF01F8147B2}
	EndGlobalSection
EndGlobal
