
Microsoft Visual Studio Solution File, Format Version 12.00
# Visual Studio Version 17
VisualStudioVersion = 17.4.33103.184
MinimumVisualStudioVersion = 10.0.40219.1
Project("{8BC9CEB8-8B4A-11D0-8D11-00A0C91BC942}") = "solve equations of degree 1", "solve equations of degree 1\solve equations of degree 1.vcxproj", "{58D7196A-E19E-494C-9F53-8286348C6414}"
EndProject
Global
	GlobalSection(SolutionConfigurationPlatforms) = preSolution
		Debug|x64 = Debug|x64
		Debug|x86 = Debug|x86
		Release|x64 = Release|x64
		Release|x86 = Release|x86
	EndGlobalSection
	GlobalSection(ProjectConfigurationPlatforms) = postSolution
		{58D7196A-E19E-494C-9F53-8286348C6414}.Debug|x64.ActiveCfg = Debug|x64
		{58D7196A-E19E-494C-9F53-8286348C6414}.Debug|x64.Build.0 = Debug|x64
		{58D7196A-E19E-494C-9F53-8286348C6414}.Debug|x86.ActiveCfg = Debug|Win32
		{58D7196A-E19E-494C-9F53-8286348C6414}.Debug|x86.Build.0 = Debug|Win32
		{58D7196A-E19E-494C-9F53-8286348C6414}.Release|x64.ActiveCfg = Release|x64
		{58D7196A-E19E-494C-9F53-8286348C6414}.Release|x64.Build.0 = Release|x64
		{58D7196A-E19E-494C-9F53-8286348C6414}.Release|x86.ActiveCfg = Release|Win32
		{58D7196A-E19E-494C-9F53-8286348C6414}.Release|x86.Build.0 = Release|Win32
	EndGlobalSection
	GlobalSection(SolutionProperties) = preSolution
		HideSolutionNode = FALSE
	EndGlobalSection
	GlobalSection(ExtensibilityGlobals) = postSolution
		SolutionGuid = {8B06F642-4BF0-4611-AB44-95023953F36F}
	EndGlobalSection
EndGlobal
