
Microsoft Visual Studio Solution File, Format Version 12.00
# Visual Studio Version 17
VisualStudioVersion = 17.4.33103.184
MinimumVisualStudioVersion = 10.0.40219.1
Project("{8BC9CEB8-8B4A-11D0-8D11-00A0C91BC942}") = "bai31-trang7", "bai31-trang7.vcxproj", "{8EB7C16B-ED90-42EA-A10F-8734468F3D46}"
EndProject
Global
	GlobalSection(SolutionConfigurationPlatforms) = preSolution
		Debug|x64 = Debug|x64
		Debug|x86 = Debug|x86
		Release|x64 = Release|x64
		Release|x86 = Release|x86
	EndGlobalSection
	GlobalSection(ProjectConfigurationPlatforms) = postSolution
		{8EB7C16B-ED90-42EA-A10F-8734468F3D46}.Debug|x64.ActiveCfg = Debug|x64
		{8EB7C16B-ED90-42EA-A10F-8734468F3D46}.Debug|x64.Build.0 = Debug|x64
		{8EB7C16B-ED90-42EA-A10F-8734468F3D46}.Debug|x86.ActiveCfg = Debug|Win32
		{8EB7C16B-ED90-42EA-A10F-8734468F3D46}.Debug|x86.Build.0 = Debug|Win32
		{8EB7C16B-ED90-42EA-A10F-8734468F3D46}.Release|x64.ActiveCfg = Release|x64
		{8EB7C16B-ED90-42EA-A10F-8734468F3D46}.Release|x64.Build.0 = Release|x64
		{8EB7C16B-ED90-42EA-A10F-8734468F3D46}.Release|x86.ActiveCfg = Release|Win32
		{8EB7C16B-ED90-42EA-A10F-8734468F3D46}.Release|x86.Build.0 = Release|Win32
	EndGlobalSection
	GlobalSection(SolutionProperties) = preSolution
		HideSolutionNode = FALSE
	EndGlobalSection
	GlobalSection(ExtensibilityGlobals) = postSolution
		SolutionGuid = {98004AF2-32A0-4778-9525-A671688E0B56}
	EndGlobalSection
EndGlobal
