
Microsoft Visual Studio Solution File, Format Version 12.00
# Visual Studio Version 17
VisualStudioVersion = 17.4.33103.184
MinimumVisualStudioVersion = 10.0.40219.1
Project("{8BC9CEB8-8B4A-11D0-8D11-00A0C91BC942}") = "sort four numbers in ascending", "sort four numbers in ascending\sort four numbers in ascending.vcxproj", "{4A73F69F-D237-45E3-A7D7-8436147B8D5F}"
EndProject
Global
	GlobalSection(SolutionConfigurationPlatforms) = preSolution
		Debug|x64 = Debug|x64
		Debug|x86 = Debug|x86
		Release|x64 = Release|x64
		Release|x86 = Release|x86
	EndGlobalSection
	GlobalSection(ProjectConfigurationPlatforms) = postSolution
		{4A73F69F-D237-45E3-A7D7-8436147B8D5F}.Debug|x64.ActiveCfg = Debug|x64
		{4A73F69F-D237-45E3-A7D7-8436147B8D5F}.Debug|x64.Build.0 = Debug|x64
		{4A73F69F-D237-45E3-A7D7-8436147B8D5F}.Debug|x86.ActiveCfg = Debug|Win32
		{4A73F69F-D237-45E3-A7D7-8436147B8D5F}.Debug|x86.Build.0 = Debug|Win32
		{4A73F69F-D237-45E3-A7D7-8436147B8D5F}.Release|x64.ActiveCfg = Release|x64
		{4A73F69F-D237-45E3-A7D7-8436147B8D5F}.Release|x64.Build.0 = Release|x64
		{4A73F69F-D237-45E3-A7D7-8436147B8D5F}.Release|x86.ActiveCfg = Release|Win32
		{4A73F69F-D237-45E3-A7D7-8436147B8D5F}.Release|x86.Build.0 = Release|Win32
	EndGlobalSection
	GlobalSection(SolutionProperties) = preSolution
		HideSolutionNode = FALSE
	EndGlobalSection
	GlobalSection(ExtensibilityGlobals) = postSolution
		SolutionGuid = {148CB2BE-6BDF-4907-A287-D7DE0D92A30D}
	EndGlobalSection
EndGlobal
